<Solution>
  <Folder Name="/Solution Items/">
    <File Path="README.md" />
  </Folder>
  <Project Path="Microservice.BasketWebAPI/Microservice.BasketWebAPI.csproj" Id="6497df03-05f1-4399-9ee0-faff3964ef60" />
  <Project Path="Microservice.ProductWebAPI/Microservice.ProductWebAPI.csproj" />
</Solution>
